// !$*UTF8*$!
{
	archiveVersion = 1;
	classes = {
	};
	objectVersion = 50;
	objects = {

/* Begin PBXBuildFile section */
		605A93692482C469005E44BD /* ListDataViewController.swift in Sources */ = {isa = PBXBuildFile; fileRef = 605A93682482C469005E44BD /* ListDataViewController.swift */; };
		605A936B2482C592005E44BD /* CoreDataManager.swift in Sources */ = {isa = PBXBuildFile; fileRef = 605A936A2482C592005E44BD /* CoreDataManager.swift */; };
		F0006D35247FB8D700AFC0C4 /* AppDelegate.swift in Sources */ = {isa = PBXBuildFile; fileRef = F0006D34247FB8D700AFC0C4 /* AppDelegate.swift */; };
		F0006D37247FB8D700AFC0C4 /* SceneDelegate.swift in Sources */ = {isa = PBXBuildFile; fileRef = F0006D36247FB8D700AFC0C4 /* SceneDelegate.swift */; };
		F0006D39247FB8D700AFC0C4 /* ViewController.swift in Sources */ = {isa = PBXBuildFile; fileRef = F0006D38247FB8D700AFC0C4 /* ViewController.swift */; };
		F0006D3C247FB8D700AFC0C4 /* Main.storyboard in Resources */ = {isa = PBXBuildFile; fileRef = F0006D3A247FB8D700AFC0C4 /* Main.storyboard */; };
		F0006D3F247FB8D700AFC0C4 /* CustomCamera.xcdatamodeld in Sources */ = {isa = PBXBuildFile; fileRef = F0006D3D247FB8D700AFC0C4 /* CustomCamera.xcdatamodeld */; };
		F0006D41247FB8D800AFC0C4 /* Assets.xcassets in Resources */ = {isa = PBXBuildFile; fileRef = F0006D40247FB8D800AFC0C4 /* Assets.xcassets */; };
		F0006D44247FB8D800AFC0C4 /* LaunchScreen.storyboard in Resources */ = {isa = PBXBuildFile; fileRef = F0006D42247FB8D800AFC0C4 /* LaunchScreen.storyboard */; };
		F0006D4C247FBD1900AFC0C4 /* PreviewViewController.swift in Sources */ = {isa = PBXBuildFile; fileRef = F0006D4B247FBD1900AFC0C4 /* PreviewViewController.swift */; };
		F025AB03248091F90016F3FE /* WasteClassifier.mlmodel in Sources */ = {isa = PBXBuildFile; fileRef = F025AB02248091F90016F3FE /* WasteClassifier.mlmodel */; };
/* End PBXBuildFile section */

/* Begin PBXFileReference section */
		605A93682482C469005E44BD /* ListDataViewController.swift */ = {isa = PBXFileReference; lastKnownFileType = sourcecode.swift; path = ListDataViewController.swift; sourceTree = "<group>"; };
		605A936A2482C592005E44BD /* CoreDataManager.swift */ = {isa = PBXFileReference; lastKnownFileType = sourcecode.swift; path = CoreDataManager.swift; sourceTree = "<group>"; };
		F0006D31247FB8D700AFC0C4 /* CustomCamera.app */ = {isa = PBXFileReference; explicitFileType = wrapper.application; includeInIndex = 0; path = CustomCamera.app; sourceTree = BUILT_PRODUCTS_DIR; };
		F0006D34247FB8D700AFC0C4 /* AppDelegate.swift */ = {isa = PBXFileReference; lastKnownFileType = sourcecode.swift; path = AppDelegate.swift; sourceTree = "<group>"; };
		F0006D36247FB8D700AFC0C4 /* SceneDelegate.swift */ = {isa = PBXFileReference; lastKnownFileType = sourcecode.swift; path = SceneDelegate.swift; sourceTree = "<group>"; };
		F0006D38247FB8D700AFC0C4 /* ViewController.swift */ = {isa = PBXFileReference; lastKnownFileType = sourcecode.swift; path = ViewController.swift; sourceTree = "<group>"; };
		F0006D3B247FB8D700AFC0C4 /* Base */ = {isa = PBXFileReference; lastKnownFileType = file.storyboard; name = Base; path = Base.lproj/Main.storyboard; sourceTree = "<group>"; };
		F0006D3E247FB8D700AFC0C4 /* CustomCamera.xcdatamodel */ = {isa = PBXFileReference; lastKnownFileType = wrapper.xcdatamodel; path = CustomCamera.xcdatamodel; sourceTree = "<group>"; };
		F0006D40247FB8D800AFC0C4 /* Assets.xcassets */ = {isa = PBXFileReference; lastKnownFileType = folder.assetcatalog; path = Assets.xcassets; sourceTree = "<group>"; };
		F0006D43247FB8D800AFC0C4 /* Base */ = {isa = PBXFileReference; lastKnownFileType = file.storyboard; name = Base; path = Base.lproj/LaunchScreen.storyboard; sourceTree = "<group>"; };
		F0006D45247FB8D800AFC0C4 /* Info.plist */ = {isa = PBXFileReference; lastKnownFileType = text.plist.xml; path = Info.plist; sourceTree = "<group>"; };
		F0006D4B247FBD1900AFC0C4 /* PreviewViewController.swift */ = {isa = PBXFileReference; lastKnownFileType = sourcecode.swift; path = PreviewViewController.swift; sourceTree = "<group>"; };
		F025AB02248091F90016F3FE /* WasteClassifier.mlmodel */ = {isa = PBXFileReference; lastKnownFileType = file.mlmodel; path = WasteClassifier.mlmodel; sourceTree = "<group>"; };
/* End PBXFileReference section */

/* Begin PBXFrameworksBuildPhase section */
		F0006D2E247FB8D700AFC0C4 /* Frameworks */ = {
			isa = PBXFrameworksBuildPhase;
			buildActionMask = 2147483647;
			files = (
			);
			runOnlyForDeploymentPostprocessing = 0;
		};
/* End PBXFrameworksBuildPhase section */

/* Begin PBXGroup section */
		F0006D28247FB8D700AFC0C4 = {
			isa = PBXGroup;
			children = (
				F0006D33247FB8D700AFC0C4 /* CustomCamera */,
				F0006D32247FB8D700AFC0C4 /* Products */,
			);
			sourceTree = "<group>";
		};
		F0006D32247FB8D700AFC0C4 /* Products */ = {
			isa = PBXGroup;
			children = (
				F0006D31247FB8D700AFC0C4 /* CustomCamera.app */,
			);
			name = Products;
			sourceTree = "<group>";
		};
		F0006D33247FB8D700AFC0C4 /* CustomCamera */ = {
			isa = PBXGroup;
			children = (
				F0006D34247FB8D700AFC0C4 /* AppDelegate.swift */,
				F0006D36247FB8D700AFC0C4 /* SceneDelegate.swift */,
				F0006D38247FB8D700AFC0C4 /* ViewController.swift */,
				F0006D4B247FBD1900AFC0C4 /* PreviewViewController.swift */,
				F025AB02248091F90016F3FE /* WasteClassifier.mlmodel */,
				F0006D3A247FB8D700AFC0C4 /* Main.storyboard */,
				F0006D40247FB8D800AFC0C4 /* Assets.xcassets */,
				F0006D42247FB8D800AFC0C4 /* LaunchScreen.storyboard */,
				F0006D45247FB8D800AFC0C4 /* Info.plist */,
				F0006D3D247FB8D700AFC0C4 /* CustomCamera.xcdatamodeld */,
				605A93682482C469005E44BD /* ListDataViewController.swift */,
				605A936A2482C592005E44BD /* CoreDataManager.swift */,
			);
			path = CustomCamera;
			sourceTree = "<group>";
		};
/* End PBXGroup section */

/* Begin PBXNativeTarget section */
		F0006D30247FB8D700AFC0C4 /* CustomCamera */ = {
			isa = PBXNativeTarget;
			buildConfigurationList = F0006D48247FB8D800AFC0C4 /* Build configuration list for PBXNativeTarget "CustomCamera" */;
			buildPhases = (
				F0006D2D247FB8D700AFC0C4 /* Sources */,
				F0006D2E247FB8D700AFC0C4 /* Frameworks */,
				F0006D2F247FB8D700AFC0C4 /* Resources */,
			);
			buildRules = (
			);
			dependencies = (
			);
			name = CustomCamera;
			productName = CustomCamera;
			productReference = F0006D31247FB8D700AFC0C4 /* CustomCamera.app */;
			productType = "com.apple.product-type.application";
		};
/* End PBXNativeTarget section */

/* Begin PBXProject section */
		F0006D29247FB8D700AFC0C4 /* Project object */ = {
			isa = PBXProject;
			attributes = {
				LastSwiftUpdateCheck = 1150;
				LastUpgradeCheck = 1150;
				ORGANIZATIONNAME = "Sufiandy Elmy";
				TargetAttributes = {
					F0006D30247FB8D700AFC0C4 = {
						CreatedOnToolsVersion = 11.5;
					};
				};
			};
			buildConfigurationList = F0006D2C247FB8D700AFC0C4 /* Build configuration list for PBXProject "CustomCamera" */;
			compatibilityVersion = "Xcode 9.3";
			developmentRegion = en;
			hasScannedForEncodings = 0;
			knownRegions = (
				en,
				Base,
			);
			mainGroup = F0006D28247FB8D700AFC0C4;
			productRefGroup = F0006D32247FB8D700AFC0C4 /* Products */;
			projectDirPath = "";
			projectRoot = "";
			targets = (
				F0006D30247FB8D700AFC0C4 /* CustomCamera */,
			);
		};
/* End PBXProject section */

/* Begin PBXResourcesBuildPhase section */
		F0006D2F247FB8D700AFC0C4 /* Resources */ = {
			isa = PBXResourcesBuildPhase;
			buildActionMask = 2147483647;
			files = (
				F0006D44247FB8D800AFC0C4 /* LaunchScreen.storyboard in Resources */,
				F0006D41247FB8D800AFC0C4 /* Assets.xcassets in Resources */,
				F0006D3C247FB8D700AFC0C4 /* Main.storyboard in Resources */,
			);
			runOnlyForDeploymentPostprocessing = 0;
		};
/* End PBXResourcesBuildPhase section */

/* Begin PBXSourcesBuildPhase section */
		F0006D2D247FB8D700AFC0C4 /* Sources */ = {
			isa = PBXSourcesBuildPhase;
			buildActionMask = 2147483647;
			files = (
				F0006D39247FB8D700AFC0C4 /* ViewController.swift in Sources */,
				F0006D3F247FB8D700AFC0C4 /* CustomCamera.xcdatamodeld in Sources */,
				F0006D35247FB8D700AFC0C4 /* AppDelegate.swift in Sources */,
				F0006D4C247FBD1900AFC0C4 /* PreviewViewController.swift in Sources */,
				F025AB03248091F90016F3FE /* WasteClassifier.mlmodel in Sources */,
				F0006D37247FB8D700AFC0C4 /* SceneDelegate.swift in Sources */,
				605A936B2482C592005E44BD /* CoreDataManager.swift in Sources */,
				605A93692482C469005E44BD /* ListDataViewController.swift in Sources */,
			);
			runOnlyForDeploymentPostprocessing = 0;
		};
/* End PBXSourcesBuildPhase section */

/* Begin PBXVariantGroup section */
		F0006D3A247FB8D700AFC0C4 /* Main.storyboard */ = {
			isa = PBXVariantGroup;
			children = (
				F0006D3B247FB8D700AFC0C4 /* Base */,
			);
			name = Main.storyboard;
			sourceTree = "<group>";
		};
		F0006D42247FB8D800AFC0C4 /* LaunchScreen.storyboard */ = {
			isa = PBXVariantGroup;
			children = (
				F0006D43247FB8D800AFC0C4 /* Base */,
			);
			name = LaunchScreen.storyboard;
			sourceTree = "<group>";
		};
/* End PBXVariantGroup section */

/* Begin XCBuildConfiguration section */
		F0006D46247FB8D800AFC0C4 /* Debug */ = {
			isa = XCBuildConfiguration;
			buildSettings = {
				ALWAYS_SEARCH_USER_PATHS = NO;
				CLANG_ANALYZER_NONNULL = YES;
				CLANG_ANALYZER_NUMBER_OBJECT_CONVERSION = YES_AGGRESSIVE;
				CLANG_CXX_LANGUAGE_STANDARD = "gnu++14";
				CLANG_CXX_LIBRARY = "libc++";
				CLANG_ENABLE_MODULES = YES;
				CLANG_ENABLE_OBJC_ARC = YES;
				CLANG_ENABLE_OBJC_WEAK = YES;
				CLANG_WARN_BLOCK_CAPTURE_AUTORELEASING = YES;
				CLANG_WARN_BOOL_CONVERSION = YES;
				CLANG_WARN_COMMA = YES;
				CLANG_WARN_CONSTANT_CONVERSION = YES;
				CLANG_WARN_DEPRECATED_OBJC_IMPLEMENTATIONS = YES;
				CLANG_WARN_DIRECT_OBJC_ISA_USAGE = YES_ERROR;
				CLANG_WARN_DOCUMENTATION_COMMENTS = YES;
				CLANG_WARN_EMPTY_BODY = YES;
				CLANG_WARN_ENUM_CONVERSION = YES;
				CLANG_WARN_INFINITE_RECURSION = YES;
				CLANG_WARN_INT_CONVERSION = YES;
				CLANG_WARN_NON_LITERAL_NULL_CONVERSION = YES;
				CLANG_WARN_OBJC_IMPLICIT_RETAIN_SELF = YES;
				CLANG_WARN_OBJC_LITERAL_CONVERSION = YES;
				CLANG_WARN_OBJC_ROOT_CLASS = YES_ERROR;
				CLANG_WARN_RANGE_LOOP_ANALYSIS = YES;
				CLANG_WARN_STRICT_PROTOTYPES = YES;
				CLANG_WARN_SUSPICIOUS_MOVE = YES;
				CLANG_WARN_UNGUARDED_AVAILABILITY = YES_AGGRESSIVE;
				CLANG_WARN_UNREACHABLE_CODE = YES;
				CLANG_WARN__DUPLICATE_METHOD_MATCH = YES;
				COPY_PHASE_STRIP = NO;
				DEBUG_INFORMATION_FORMAT = dwarf;
				ENABLE_STRICT_OBJC_MSGSEND = YES;
				ENABLE_TESTABILITY = YES;
				GCC_C_LANGUAGE_STANDARD = gnu11;
				GCC_DYNAMIC_NO_PIC = NO;
				GCC_NO_COMMON_BLOCKS = YES;
				GCC_OPTIMIZATION_LEVEL = 0;
				GCC_PREPROCESSOR_DEFINITIONS = (
					"DEBUG=1",
					"$(inherited)",
				);
				GCC_WARN_64_TO_32_BIT_CONVERSION = YES;
				GCC_WARN_ABOUT_RETURN_TYPE = YES_ERROR;
				GCC_WARN_UNDECLARED_SELECTOR = YES;
				GCC_WARN_UNINITIALIZED_AUTOS = YES_AGGRESSIVE;
				GCC_WARN_UNUSED_FUNCTION = YES;
				GCC_WARN_UNUSED_VARIABLE = YES;
				IPHONEOS_DEPLOYMENT_TARGET = 13.5;
				MTL_ENABLE_DEBUG_INFO = INCLUDE_SOURCE;
				MTL_FAST_MATH = YES;
				ONLY_ACTIVE_ARCH = YES;
				SDKROOT = iphoneos;
				SWIFT_ACTIVE_COMPILATION_CONDITIONS = DEBUG;
				SWIFT_OPTIMIZATION_LEVEL = "-Onone";
			};
			name = Debug;
		};
		F0006D47247FB8D800AFC0C4 /* Release */ = {
			isa = XCBuildConfiguration;
			buildSettings = {
				ALWAYS_SEARCH_USER_PATHS = NO;
				CLANG_ANALYZER_NONNULL = YES;
				CLANG_ANALYZER_NUMBER_OBJECT_CONVERSION = YES_AGGRESSIVE;
				CLANG_CXX_LANGUAGE_STANDARD = "gnu++14";
				CLANG_CXX_LIBRARY = "libc++";
				CLANG_ENABLE_MODULES = YES;
				CLANG_ENABLE_OBJC_ARC = YES;
				CLANG_ENABLE_OBJC_WEAK = YES;
				CLANG_WARN_BLOCK_CAPTURE_AUTORELEASING = YES;
				CLANG_WARN_BOOL_CONVERSION = YES;
				CLANG_WARN_COMMA = YES;
				CLANG_WARN_CONSTANT_CONVERSION = YES;
				CLANG_WARN_DEPRECATED_OBJC_IMPLEMENTATIONS = YES;
				CLANG_WARN_DIRECT_OBJC_ISA_USAGE = YES_ERROR;
				CLANG_WARN_DOCUMENTATION_COMMENTS = YES;
				CLANG_WARN_EMPTY_BODY = YES;
				CLANG_WARN_ENUM_CONVERSION = YES;
				CLANG_WARN_INFINITE_RECURSION = YES;
				CLANG_WARN_INT_CONVERSION = YES;
				CLANG_WARN_NON_LITERAL_NULL_CONVERSION = YES;
				CLANG_WARN_OBJC_IMPLICIT_RETAIN_SELF = YES;
				CLANG_WARN_OBJC_LITERAL_CONVERSION = YES;
				CLANG_WARN_OBJC_ROOT_CLASS = YES_ERROR;
				CLANG_WARN_RANGE_LOOP_ANALYSIS = YES;
				CLANG_WARN_STRICT_PROTOTYPES = YES;
				CLANG_WARN_SUSPICIOUS_MOVE = YES;
				CLANG_WARN_UNGUARDED_AVAILABILITY = YES_AGGRESSIVE;
				CLANG_WARN_UNREACHABLE_CODE = YES;
				CLANG_WARN__DUPLICATE_METHOD_MATCH = YES;
				COPY_PHASE_STRIP = NO;
				DEBUG_INFORMATION_FORMAT = "dwarf-with-dsym";
				ENABLE_NS_ASSERTIONS = NO;
				ENABLE_STRICT_OBJC_MSGSEND = YES;
				GCC_C_LANGUAGE_STANDARD = gnu11;
				GCC_NO_COMMON_BLOCKS = YES;
				GCC_WARN_64_TO_32_BIT_CONVERSION = YES;
				GCC_WARN_ABOUT_RETURN_TYPE = YES_ERROR;
				GCC_WARN_UNDECLARED_SELECTOR = YES;
				GCC_WARN_UNINITIALIZED_AUTOS = YES_AGGRESSIVE;
				GCC_WARN_UNUSED_FUNCTION = YES;
				GCC_WARN_UNUSED_VARIABLE = YES;
				IPHONEOS_DEPLOYMENT_TARGET = 13.5;
				MTL_ENABLE_DEBUG_INFO = NO;
				MTL_FAST_MATH = YES;
				SDKROOT = iphoneos;
				SWIFT_COMPILATION_MODE = wholemodule;
				SWIFT_OPTIMIZATION_LEVEL = "-O";
				VALIDATE_PRODUCT = YES;
			};
			name = Release;
		};
		F0006D49247FB8D800AFC0C4 /* Debug */ = {
			isa = XCBuildConfiguration;
			buildSettings = {
				ASSETCATALOG_COMPILER_APPICON_NAME = AppIcon;
				CODE_SIGN_STYLE = Automatic;
				DEVELOPMENT_TEAM = TVFQAT4MZP;
				INFOPLIST_FILE = CustomCamera/Info.plist;
				LD_RUNPATH_SEARCH_PATHS = (
					"$(inherited)",
					"@executable_path/Frameworks",
				);
				PRODUCT_BUNDLE_IDENTIFIER = www.infinitelearning.id.CustomCamera;
				PRODUCT_NAME = "$(TARGET_NAME)";
				SWIFT_VERSION = 5.0;
				TARGETED_DEVICE_FAMILY = "1,2";
			};
			name = Debug;
		};
		F0006D4A247FB8D800AFC0C4 /* Release */ = {
			isa = XCBuildConfiguration;
			buildSettings = {
				ASSETCATALOG_COMPILER_APPICON_NAME = AppIcon;
				CODE_SIGN_STYLE = Automatic;
				DEVELOPMENT_TEAM = TVFQAT4MZP;
				INFOPLIST_FILE = CustomCamera/Info.plist;
				LD_RUNPATH_SEARCH_PATHS = (
					"$(inherited)",
					"@executable_path/Frameworks",
				);
				PRODUCT_BUNDLE_IDENTIFIER = www.infinitelearning.id.CustomCamera;
				PRODUCT_NAME = "$(TARGET_NAME)";
				SWIFT_VERSION = 5.0;
				TARGETED_DEVICE_FAMILY = "1,2";
			};
			name = Release;
		};
/* End XCBuildConfiguration section */

/* Begin XCConfigurationList section */
		F0006D2C247FB8D700AFC0C4 /* Build configuration list for PBXProject "CustomCamera" */ = {
			isa = XCConfigurationList;
			buildConfigurations = (
				F0006D46247FB8D800AFC0C4 /* Debug */,
				F0006D47247FB8D800AFC0C4 /* Release */,
			);
			defaultConfigurationIsVisible = 0;
			defaultConfigurationName = Release;
		};
		F0006D48247FB8D800AFC0C4 /* Build configuration list for PBXNativeTarget "CustomCamera" */ = {
			isa = XCConfigurationList;
			buildConfigurations = (
				F0006D49247FB8D800AFC0C4 /* Debug */,
				F0006D4A247FB8D800AFC0C4 /* Release */,
			);
			defaultConfigurationIsVisible = 0;
			defaultConfigurationName = Release;
		};
/* End XCConfigurationList section */

/* Begin XCVersionGroup section */
		F0006D3D247FB8D700AFC0C4 /* CustomCamera.xcdatamodeld */ = {
			isa = XCVersionGroup;
			children = (
				F0006D3E247FB8D700AFC0C4 /* CustomCamera.xcdatamodel */,
			);
			currentVersion = F0006D3E247FB8D700AFC0C4 /* CustomCamera.xcdatamodel */;
			path = CustomCamera.xcdatamodeld;
			sourceTree = "<group>";
			versionGroupType = wrapper.xcdatamodel;
		};
/* End XCVersionGroup section */
	};
	rootObject = F0006D29247FB8D700AFC0C4 /* Project object */;
}
